// !$*UTF8*$!
{
	archiveVersion = 1;
	classes = {
	};
	objectVersion = 46;
	objects = {

/* Begin PBXBuildFile section */
		EF2B665E1E68AAFF0018EED4 /* AppDelegate.swift in Sources */ = {isa = PBXBuildFile; fileRef = EF2B665D1E68AAFF0018EED4 /* AppDelegate.swift */; };
		EF2B66601E68AAFF0018EED4 /* ViewController.swift in Sources */ = {isa = PBXBuildFile; fileRef = EF2B665F1E68AAFF0018EED4 /* ViewController.swift */; };
		EF2B66631E68AAFF0018EED4 /* Main.storyboard in Resources */ = {isa = PBXBuildFile; fileRef = EF2B66611E68AAFF0018EED4 /* Main.storyboard */; };
		EF2B66651E68AAFF0018EED4 /* Assets.xcassets in Resources */ = {isa = PBXBuildFile; fileRef = EF2B66641E68AAFF0018EED4 /* Assets.xcassets */; };
		EF2B66681E68AAFF0018EED4 /* LaunchScreen.storyboard in Resources */ = {isa = PBXBuildFile; fileRef = EF2B66661E68AAFF0018EED4 /* LaunchScreen.storyboard */; };
/* End PBXBuildFile section */

/* Begin PBXFileReference section */
		EF2B665A1E68AAFF0018EED4 /* Gifecipes.app */ = {isa = PBXFileReference; explicitFileType = wrapper.application; includeInIndex = 0; path = Gifecipes.app; sourceTree = BUILT_PRODUCTS_DIR; };
		EF2B665D1E68AAFF0018EED4 /* AppDelegate.swift */ = {isa = PBXFileReference; lastKnownFileType = sourcecode.swift; path = AppDelegate.swift; sourceTree = "<group>"; };
		EF2B665F1E68AAFF0018EED4 /* ViewController.swift */ = {isa = PBXFileReference; lastKnownFileType = sourcecode.swift; path = ViewController.swift; sourceTree = "<group>"; };
		EF2B66621E68AAFF0018EED4 /* Base */ = {isa = PBXFileReference; lastKnownFileType = file.storyboard; name = Base; path = Base.lproj/Main.storyboard; sourceTree = "<group>"; };
		EF2B66641E68AAFF0018EED4 /* Assets.xcassets */ = {isa = PBXFileReference; lastKnownFileType = folder.assetcatalog; path = Assets.xcassets; sourceTree = "<group>"; };
		EF2B66671E68AAFF0018EED4 /* Base */ = {isa = PBXFileReference; lastKnownFileType = file.storyboard; name = Base; path = Base.lproj/LaunchScreen.storyboard; sourceTree = "<group>"; };
		EF2B66691E68AAFF0018EED4 /* Info.plist */ = {isa = PBXFileReference; lastKnownFileType = text.plist.xml; path = Info.plist; sourceTree = "<group>"; };
/* End PBXFileReference section */

/* Begin PBXFrameworksBuildPhase section */
		EF2B66571E68AAFE0018EED4 /* Frameworks */ = {
			isa = PBXFrameworksBuildPhase;
			buildActionMask = 2147483647;
			files = (
			);
			runOnlyForDeploymentPostprocessing = 0;
		};
/* End PBXFrameworksBuildPhase section */

/* Begin PBXGroup section */
		EF2B66511E68AAFE0018EED4 = {
			isa = PBXGroup;
			children = (
				EF2B665C1E68AAFF0018EED4 /* Gifecipes */,
				EF2B665B1E68AAFF0018EED4 /* Products */,
			);
			sourceTree = "<group>";
		};
		EF2B665B1E68AAFF0018EED4 /* Products */ = {
			isa = PBXGroup;
			children = (
				EF2B665A1E68AAFF0018EED4 /* Gifecipes.app */,
			);
			name = Products;
			sourceTree = "<group>";
		};
		EF2B665C1E68AAFF0018EED4 /* Gifecipes */ = {
			isa = PBXGroup;
			children = (
				EF2B665D1E68AAFF0018EED4 /* AppDelegate.swift */,
				EF2B665F1E68AAFF0018EED4 /* ViewController.swift */,
				EF2B66611E68AAFF0018EED4 /* Main.storyboard */,
				EF2B66641E68AAFF0018EED4 /* Assets.xcassets */,
				EF2B66661E68AAFF0018EED4 /* LaunchScreen.storyboard */,
				EF2B66691E68AAFF0018EED4 /* Info.plist */,
			);
			path = Gifecipes;
			sourceTree = "<group>";
		};
/* End PBXGroup section */

/* Begin PBXNativeTarget section */
		EF2B66591E68AAFE0018EED4 /* Gifecipes */ = {
			isa = PBXNativeTarget;
			buildConfigurationList = EF2B666C1E68AAFF0018EED4 /* Build configuration list for PBXNativeTarget "Gifecipes" */;
			buildPhases = (
				EF2B66561E68AAFE0018EED4 /* Sources */,
				EF2B66571E68AAFE0018EED4 /* Frameworks */,
				EF2B66581E68AAFE0018EED4 /* Resources */,
			);
			buildRules = (
			);
			dependencies = (
			);
			name = Gifecipes;
			productName = Gifecipes;
			productReference = EF2B665A1E68AAFF0018EED4 /* Gifecipes.app */;
			productType = "com.apple.product-type.application";
		};
/* End PBXNativeTarget section */

/* Begin PBXProject section */
		EF2B66521E68AAFE0018EED4 /* Project object */ = {
			isa = PBXProject;
			attributes = {
				LastSwiftUpdateCheck = 0820;
				LastUpgradeCheck = 0820;
				ORGANIZATIONNAME = "Sam Lee";
				TargetAttributes = {
					EF2B66591E68AAFE0018EED4 = {
						CreatedOnToolsVersion = 8.2.1;
						DevelopmentTeam = Y38T3TH9N8;
						ProvisioningStyle = Automatic;
					};
				};
			};
			buildConfigurationList = EF2B66551E68AAFE0018EED4 /* Build configuration list for PBXProject "Gifecipes" */;
			compatibilityVersion = "Xcode 3.2";
			developmentRegion = English;
			hasScannedForEncodings = 0;
			knownRegions = (
				en,
				Base,
			);
			mainGroup = EF2B66511E68AAFE0018EED4;
			productRefGroup = EF2B665B1E68AAFF0018EED4 /* Products */;
			projectDirPath = "";
			projectRoot = "";
			targets = (
				EF2B66591E68AAFE0018EED4 /* Gifecipes */,
			);
		};
/* End PBXProject section */

/* Begin PBXResourcesBuildPhase section */
		EF2B66581E68AAFE0018EED4 /* Resources */ = {
			isa = PBXResourcesBuildPhase;
			buildActionMask = 2147483647;
			files = (
				EF2B66681E68AAFF0018EED4 /* LaunchScreen.storyboard in Resources */,
				EF2B66651E68AAFF0018EED4 /* Assets.xcassets in Resources */,
				EF2B66631E68AAFF0018EED4 /* Main.storyboard in Resources */,
			);
			runOnlyForDeploymentPostprocessing = 0;
		};
/* End PBXResourcesBuildPhase section */

/* Begin PBXSourcesBuildPhase section */
		EF2B66561E68AAFE0018EED4 /* Sources */ = {
			isa = PBXSourcesBuildPhase;
			buildActionMask = 2147483647;
			files = (
				EF2B66601E68AAFF0018EED4 /* ViewController.swift in Sources */,
				EF2B665E1E68AAFF0018EED4 /* AppDelegate.swift in Sources */,
			);
			runOnlyForDeploymentPostprocessing = 0;
		};
/* End PBXSourcesBuildPhase section */

/* Begin PBXVariantGroup section */
		EF2B66611E68AAFF0018EED4 /* Main.storyboard */ = {
			isa = PBXVariantGroup;
			children = (
				EF2B66621E68AAFF0018EED4 /* Base */,
			);
			name = Main.storyboard;
			sourceTree = "<group>";
		};
		EF2B66661E68AAFF0018EED4 /* LaunchScreen.storyboard */ = {
			isa = PBXVariantGroup;
			children = (
				EF2B66671E68AAFF0018EED4 /* Base */,
			);
			name = LaunchScreen.storyboard;
			sourceTree = "<group>";
		};
/* End PBXVariantGroup section */

/* Begin XCBuildConfiguration section */
		EF2B666A1E68AAFF0018EED4 /* Debug */ = {
			isa = XCBuildConfiguration;
			buildSettings = {
				ALWAYS_SEARCH_USER_PATHS = NO;
				CLANG_ANALYZER_NONNULL = YES;
				CLANG_CXX_LANGUAGE_STANDARD = "gnu++0x";
				CLANG_CXX_LIBRARY = "libc++";
				CLANG_ENABLE_MODULES = YES;
				CLANG_ENABLE_OBJC_ARC = YES;
				CLANG_WARN_BOOL_CONVERSION = YES;
				CLANG_WARN_CONSTANT_CONVERSION = YES;
				CLANG_WARN_DIRECT_OBJC_ISA_USAGE = YES_ERROR;
				CLANG_WARN_DOCUMENTATION_COMMENTS = YES;
				CLANG_WARN_EMPTY_BODY = YES;
				CLANG_WARN_ENUM_CONVERSION = YES;
				CLANG_WARN_INFINITE_RECURSION = YES;
				CLANG_WARN_INT_CONVERSION = YES;
				CLANG_WARN_OBJC_ROOT_CLASS = YES_ERROR;
				CLANG_WARN_SUSPICIOUS_MOVE = YES;
				CLANG_WARN_UNREACHABLE_CODE = YES;
				CLANG_WARN__DUPLICATE_METHOD_MATCH = YES;
				"CODE_SIGN_IDENTITY[sdk=iphoneos*]" = "iPhone Developer";
				COPY_PHASE_STRIP = NO;
				DEBUG_INFORMATION_FORMAT = dwarf;
				ENABLE_STRICT_OBJC_MSGSEND = YES;
				ENABLE_TESTABILITY = YES;
				GCC_C_LANGUAGE_STANDARD = gnu99;
				GCC_DYNAMIC_NO_PIC = NO;
				GCC_NO_COMMON_BLOCKS = YES;
				GCC_OPTIMIZATION_LEVEL = 0;
				GCC_PREPROCESSOR_DEFINITIONS = (
					"DEBUG=1",
					"$(inherited)",
				);
				GCC_WARN_64_TO_32_BIT_CONVERSION = YES;
				GCC_WARN_ABOUT_RETURN_TYPE = YES_ERROR;
				GCC_WARN_UNDECLARED_SELECTOR = YES;
				GCC_WARN_UNINITIALIZED_AUTOS = YES_AGGRESSIVE;
				GCC_WARN_UNUSED_FUNCTION = YES;
				GCC_WARN_UNUSED_VARIABLE = YES;
				IPHONEOS_DEPLOYMENT_TARGET = 10.2;
				MTL_ENABLE_DEBUG_INFO = YES;
				ONLY_ACTIVE_ARCH = YES;
				SDKROOT = iphoneos;
				SWIFT_ACTIVE_COMPILATION_CONDITIONS = DEBUG;
				SWIFT_OPTIMIZATION_LEVEL = "-Onone";
			};
			name = Debug;
		};
		EF2B666B1E68AAFF0018EED4 /* Release */ = {
			isa = XCBuildConfiguration;
			buildSettings = {
				ALWAYS_SEARCH_USER_PATHS = NO;
				CLANG_ANALYZER_NONNULL = YES;
				CLANG_CXX_LANGUAGE_STANDARD = "gnu++0x";
				CLANG_CXX_LIBRARY = "libc++";
				CLANG_ENABLE_MODULES = YES;
				CLANG_ENABLE_OBJC_ARC = YES;
				CLANG_WARN_BOOL_CONVERSION = YES;
				CLANG_WARN_CONSTANT_CONVERSION = YES;
				CLANG_WARN_DIRECT_OBJC_ISA_USAGE = YES_ERROR;
				CLANG_WARN_DOCUMENTATION_COMMENTS = YES;
				CLANG_WARN_EMPTY_BODY = YES;
				CLANG_WARN_ENUM_CONVERSION = YES;
				CLANG_WARN_INFINITE_RECURSION = YES;
				CLANG_WARN_INT_CONVERSION = YES;
				CLANG_WARN_OBJC_ROOT_CLASS = YES_ERROR;
				CLANG_WARN_SUSPICIOUS_MOVE = YES;
				CLANG_WARN_UNREACHABLE_CODE = YES;
				CLANG_WARN__DUPLICATE_METHOD_MATCH = YES;
				"CODE_SIGN_IDENTITY[sdk=iphoneos*]" = "iPhone Developer";
				COPY_PHASE_STRIP = NO;
				DEBUG_INFORMATION_FORMAT = "dwarf-with-dsym";
				ENABLE_NS_ASSERTIONS = NO;
				ENABLE_STRICT_OBJC_MSGSEND = YES;
				GCC_C_LANGUAGE_STANDARD = gnu99;
				GCC_NO_COMMON_BLOCKS = YES;
				GCC_WARN_64_TO_32_BIT_CONVERSION = YES;
				GCC_WARN_ABOUT_RETURN_TYPE = YES_ERROR;
				GCC_WARN_UNDECLARED_SELECTOR = YES;
				GCC_WARN_UNINITIALIZED_AUTOS = YES_AGGRESSIVE;
				GCC_WARN_UNUSED_FUNCTION = YES;
				GCC_WARN_UNUSED_VARIABLE = YES;
				IPHONEOS_DEPLOYMENT_TARGET = 10.2;
				MTL_ENABLE_DEBUG_INFO = NO;
				SDKROOT = iphoneos;
				SWIFT_OPTIMIZATION_LEVEL = "-Owholemodule";
				VALIDATE_PRODUCT = YES;
			};
			name = Release;
		};
		EF2B666D1E68AAFF0018EED4 /* Debug */ = {
			isa = XCBuildConfiguration;
			buildSettings = {
				ASSETCATALOG_COMPILER_APPICON_NAME = AppIcon;
				DEVELOPMENT_TEAM = Y38T3TH9N8;
				INFOPLIST_FILE = Gifecipes/Info.plist;
				LD_RUNPATH_SEARCH_PATHS = "$(inherited) @executable_path/Frameworks";
				PRODUCT_BUNDLE_IDENTIFIER = com.samL.Gifecipes;
				PRODUCT_NAME = "$(TARGET_NAME)";
				SWIFT_VERSION = 3.0;
			};
			name = Debug;
		};
		EF2B666E1E68AAFF0018EED4 /* Release */ = {
			isa = XCBuildConfiguration;
			buildSettings = {
				ASSETCATALOG_COMPILER_APPICON_NAME = AppIcon;
				DEVELOPMENT_TEAM = Y38T3TH9N8;
				INFOPLIST_FILE = Gifecipes/Info.plist;
				LD_RUNPATH_SEARCH_PATHS = "$(inherited) @executable_path/Frameworks";
				PRODUCT_BUNDLE_IDENTIFIER = com.samL.Gifecipes;
				PRODUCT_NAME = "$(TARGET_NAME)";
				SWIFT_VERSION = 3.0;
			};
			name = Release;
		};
/* End XCBuildConfiguration section */

/* Begin XCConfigurationList section */
		EF2B66551E68AAFE0018EED4 /* Build configuration list for PBXProject "Gifecipes" */ = {
			isa = XCConfigurationList;
			buildConfigurations = (
				EF2B666A1E68AAFF0018EED4 /* Debug */,
				EF2B666B1E68AAFF0018EED4 /* Release */,
			);
			defaultConfigurationIsVisible = 0;
			defaultConfigurationName = Release;
		};
		EF2B666C1E68AAFF0018EED4 /* Build configuration list for PBXNativeTarget "Gifecipes" */ = {
			isa = XCConfigurationList;
			buildConfigurations = (
				EF2B666D1E68AAFF0018EED4 /* Debug */,
				EF2B666E1E68AAFF0018EED4 /* Release */,
			);
			defaultConfigurationIsVisible = 0;
		};
/* End XCConfigurationList section */
	};
	rootObject = EF2B66521E68AAFE0018EED4 /* Project object */;
}
